
Microsoft Visual Studio Solution File, Format Version 12.00
# Visual Studio Version 17
VisualStudioVersion = 17.4.33213.308
MinimumVisualStudioVersion = 10.0.40219.1
Project("{FAE04EC0-301F-11D3-BF4B-00C04F79EFBC}") = "LogicalProgramms", "LogicalProgramms\LogicalProgramms.csproj", "{C457601B-7CF0-4255-833F-21F2BB1311F4}"
EndProject
Global
	GlobalSection(SolutionConfigurationPlatforms) = preSolution
		Debug|Any CPU = Debug|Any CPU
		Release|Any CPU = Release|Any CPU
	EndGlobalSection
	GlobalSection(ProjectConfigurationPlatforms) = postSolution
		{C457601B-7CF0-4255-833F-21F2BB1311F4}.Debug|Any CPU.ActiveCfg = Debug|Any CPU
		{C457601B-7CF0-4255-833F-21F2BB1311F4}.Debug|Any CPU.Build.0 = Debug|Any CPU
		{C457601B-7CF0-4255-833F-21F2BB1311F4}.Release|Any CPU.ActiveCfg = Release|Any CPU
		{C457601B-7CF0-4255-833F-21F2BB1311F4}.Release|Any CPU.Build.0 = Release|Any CPU
	EndGlobalSection
	GlobalSection(SolutionProperties) = preSolution
		HideSolutionNode = FALSE
	EndGlobalSection
	GlobalSection(ExtensibilityGlobals) = postSolution
		SolutionGuid = {19EFA86A-9AFF-4EE1-9FEB-C125CE585CD5}
	EndGlobalSection
EndGlobal
